
Microsoft Visual Studio Solution File, Format Version 12.00
# Visual Studio Version 17
VisualStudioVersion = 17.4.33122.133
MinimumVisualStudioVersion = 10.0.40219.1
Project("{FAE04EC0-301F-11D3-BF4B-00C04F79EFBC}") = "Zadanie3", "Zadanie3\Zadanie3.csproj", "{1593E88C-A3EE-4BFF-9E45-98CA93D8EE94}"
EndProject
Global
	GlobalSection(SolutionConfigurationPlatforms) = preSolution
		Debug|Any CPU = Debug|Any CPU
		Release|Any CPU = Release|Any CPU
	EndGlobalSection
	GlobalSection(ProjectConfigurationPlatforms) = postSolution
		{1593E88C-A3EE-4BFF-9E45-98CA93D8EE94}.Debug|Any CPU.ActiveCfg = Debug|Any CPU
		{1593E88C-A3EE-4BFF-9E45-98CA93D8EE94}.Debug|Any CPU.Build.0 = Debug|Any CPU
		{1593E88C-A3EE-4BFF-9E45-98CA93D8EE94}.Release|Any CPU.ActiveCfg = Release|Any CPU
		{1593E88C-A3EE-4BFF-9E45-98CA93D8EE94}.Release|Any CPU.Build.0 = Release|Any CPU
	EndGlobalSection
	GlobalSection(SolutionProperties) = preSolution
		HideSolutionNode = FALSE
	EndGlobalSection
	GlobalSection(ExtensibilityGlobals) = postSolution
		SolutionGuid = {91E05A01-7431-4D19-A72E-477A2E89B26B}
	EndGlobalSection
EndGlobal
